# THIS IS AN AUTOGENERATED FILE. DO NOT EDIT THIS FILE DIRECTLY.
# yarn lockfile v1


"@types/audioworklet@^0.0.33":
  version "0.0.33"
  resolved "https://registry.yarnpkg.com/@types/audioworklet/-/audioworklet-0.0.33.tgz#2d14a8268c9404b73edcdb8ff1bcd076af8c66a2"
  integrity sha512-yMilLbmtAMveDykLCu2N7HQst4k87TTKJWgegLka4VPBMEnsXTM/R1XhNCV2QJKZEqR4uTy/O2yCm1QiGQz3sw==

"@types/emscripten@^1.39.6":
  version "1.39.6"
  resolved "https://registry.yarnpkg.com/@types/emscripten/-/emscripten-1.39.6.tgz#698b90fe60d44acf93c31064218fbea93fbfd85a"
  integrity sha512-H90aoynNhhkQP6DRweEjJp5vfUVdIj7tdPLsu7pq89vODD/lcugKfZOsfgwpvM6XUewEp2N5dCg1Uf3Qe55Dcg==

typescript@^4.8.3:
  version "4.8.3"
  resolved "https://registry.yarnpkg.com/typescript/-/typescript-4.8.3.tgz#d59344522c4bc464a65a730ac695007fdb66dd88"
  integrity sha512-goMHfm00nWPa8UvR/CPSvykqf6dVV8x/dp0c5mFTMTIu0u0FlGWRioyy7Nn0PGAdHxpJZnuO/ut+PpQ8UiHAig==
